
Microsoft Visual Studio Solution File, Format Version 12.00
# Visual Studio Version 16
VisualStudioVersion = 16.0.31129.286
MinimumVisualStudioVersion = 10.0.40219.1
Project("{FAE04EC0-301F-11D3-BF4B-00C04F79EFBC}") = "LibraryManagement", "LibraryManagement\LibraryManagement.csproj", "{BF630622-739A-48C7-90A7-42B0833F0AFF}"
EndProject
Global
	GlobalSection(SolutionConfigurationPlatforms) = preSolution
		Debug|Any CPU = Debug|Any CPU
		Release|Any CPU = Release|Any CPU
	EndGlobalSection
	GlobalSection(ProjectConfigurationPlatforms) = postSolution
		{BF630622-739A-48C7-90A7-42B0833F0AFF}.Debug|Any CPU.ActiveCfg = Release|Any CPU
		{BF630622-739A-48C7-90A7-42B0833F0AFF}.Debug|Any CPU.Build.0 = Release|Any CPU
		{BF630622-739A-48C7-90A7-42B0833F0AFF}.Release|Any CPU.ActiveCfg = Release|Any CPU
		{BF630622-739A-48C7-90A7-42B0833F0AFF}.Release|Any CPU.Build.0 = Release|Any CPU
	EndGlobalSection
	GlobalSection(SolutionProperties) = preSolution
		HideSolutionNode = FALSE
	EndGlobalSection
	GlobalSection(ExtensibilityGlobals) = postSolution
		SolutionGuid = {13704F64-1550-4B6C-A676-8D03C4D91812}
	EndGlobalSection
EndGlobal
